
Microsoft Visual Studio Solution File, Format Version 12.00
# Visual Studio 2012
Project("{FAE04EC0-301F-11D3-BF4B-00C04F79EFBC}") = "Pacman.GameEngine", "GameEngine\Pacman.GameEngine.csproj", "{89C205D4-ADD2-41F3-99BB-AA732E440474}"
EndProject
Project("{FAE04EC0-301F-11D3-BF4B-00C04F79EFBC}") = "Pacman.ConsoleUI", "ConsoleUI\Pacman.ConsoleUI.csproj", "{59B41444-DBE5-40FC-8A9C-B787B1DBC564}"
	ProjectSection(ProjectDependencies) = postProject
		{89C205D4-ADD2-41F3-99BB-AA732E440474} = {89C205D4-ADD2-41F3-99BB-AA732E440474}
	EndProjectSection
EndProject
Project("{FAE04EC0-301F-11D3-BF4B-00C04F79EFBC}") = "Pacman.DesktopUI", "DesktopUI\Pacman.DesktopUI.csproj", "{61ED76C6-8FEB-40DE-B5C6-2ABC05DA1E59}"
	ProjectSection(ProjectDependencies) = postProject
		{89C205D4-ADD2-41F3-99BB-AA732E440474} = {89C205D4-ADD2-41F3-99BB-AA732E440474}
	EndProjectSection
EndProject
Project("{F088123C-0E9E-452A-89E6-6BA2F21D5CAC}") = "Pacman.Model", "PacmanModeling\Pacman.Model.modelproj", "{41008AAD-2C13-4A4A-A80C-2335078B67C2}"
EndProject
Project("{FAE04EC0-301F-11D3-BF4B-00C04F79EFBC}") = "Pacman.GameEngine.Test", "Pacman.GameEngine.Test\Pacman.GameEngine.Test.csproj", "{67934A39-A428-4466-BBFE-16426C564B78}"
EndProject
Project("{FAE04EC0-301F-11D3-BF4B-00C04F79EFBC}") = "Pacman.SoundHandler", "Pacman.SoundHandler\Pacman.SoundHandler.csproj", "{639AD628-8224-4023-8199-F45DDAC529B9}"
EndProject
Global
	GlobalSection(SolutionConfigurationPlatforms) = preSolution
		Debug|Any CPU = Debug|Any CPU
		Release|Any CPU = Release|Any CPU
	EndGlobalSection
	GlobalSection(ProjectConfigurationPlatforms) = postSolution
		{89C205D4-ADD2-41F3-99BB-AA732E440474}.Debug|Any CPU.ActiveCfg = Debug|Any CPU
		{89C205D4-ADD2-41F3-99BB-AA732E440474}.Debug|Any CPU.Build.0 = Debug|Any CPU
		{89C205D4-ADD2-41F3-99BB-AA732E440474}.Release|Any CPU.ActiveCfg = Release|Any CPU
		{89C205D4-ADD2-41F3-99BB-AA732E440474}.Release|Any CPU.Build.0 = Release|Any CPU
		{59B41444-DBE5-40FC-8A9C-B787B1DBC564}.Debug|Any CPU.ActiveCfg = Debug|Any CPU
		{59B41444-DBE5-40FC-8A9C-B787B1DBC564}.Debug|Any CPU.Build.0 = Debug|Any CPU
		{59B41444-DBE5-40FC-8A9C-B787B1DBC564}.Release|Any CPU.ActiveCfg = Release|Any CPU
		{59B41444-DBE5-40FC-8A9C-B787B1DBC564}.Release|Any CPU.Build.0 = Release|Any CPU
		{61ED76C6-8FEB-40DE-B5C6-2ABC05DA1E59}.Debug|Any CPU.ActiveCfg = Debug|Any CPU
		{61ED76C6-8FEB-40DE-B5C6-2ABC05DA1E59}.Debug|Any CPU.Build.0 = Debug|Any CPU
		{61ED76C6-8FEB-40DE-B5C6-2ABC05DA1E59}.Release|Any CPU.ActiveCfg = Release|Any CPU
		{61ED76C6-8FEB-40DE-B5C6-2ABC05DA1E59}.Release|Any CPU.Build.0 = Release|Any CPU
		{41008AAD-2C13-4A4A-A80C-2335078B67C2}.Debug|Any CPU.ActiveCfg = Debug|Any CPU
		{41008AAD-2C13-4A4A-A80C-2335078B67C2}.Debug|Any CPU.Build.0 = Debug|Any CPU
		{41008AAD-2C13-4A4A-A80C-2335078B67C2}.Release|Any CPU.ActiveCfg = Release|Any CPU
		{41008AAD-2C13-4A4A-A80C-2335078B67C2}.Release|Any CPU.Build.0 = Release|Any CPU
		{67934A39-A428-4466-BBFE-16426C564B78}.Debug|Any CPU.ActiveCfg = Debug|Any CPU
		{67934A39-A428-4466-BBFE-16426C564B78}.Debug|Any CPU.Build.0 = Debug|Any CPU
		{67934A39-A428-4466-BBFE-16426C564B78}.Release|Any CPU.ActiveCfg = Release|Any CPU
		{67934A39-A428-4466-BBFE-16426C564B78}.Release|Any CPU.Build.0 = Release|Any CPU
		{639AD628-8224-4023-8199-F45DDAC529B9}.Debug|Any CPU.ActiveCfg = Debug|Any CPU
		{639AD628-8224-4023-8199-F45DDAC529B9}.Debug|Any CPU.Build.0 = Debug|Any CPU
		{639AD628-8224-4023-8199-F45DDAC529B9}.Release|Any CPU.ActiveCfg = Release|Any CPU
		{639AD628-8224-4023-8199-F45DDAC529B9}.Release|Any CPU.Build.0 = Release|Any CPU
	EndGlobalSection
	GlobalSection(SolutionProperties) = preSolution
		HideSolutionNode = FALSE
	EndGlobalSection
EndGlobal
